
Microsoft Visual Studio Solution File, Format Version 12.00
# Visual Studio Version 16
VisualStudioVersion = 16.0.29215.179
MinimumVisualStudioVersion = 10.0.40219.1
Project("{2150E333-8FDC-42A3-9474-1A3956D46DE8}") = "Tests", "Tests", "{D340A11B-69A0-4653-A2D4-0E56D6F047AA}"
EndProject
Project("{2150E333-8FDC-42A3-9474-1A3956D46DE8}") = "SolutionItems", "SolutionItems", "{CDBCD298-F934-4D47-806D-6B6C80A9346F}"
	ProjectSection(SolutionItems) = preProject
		.editorconfig = .editorconfig
		.gitattributes = .gitattributes
		.gitignore = .gitignore
		SolutionInfo.cs = SolutionInfo.cs
	EndProjectSection
EndProject
Project("{FAE04EC0-301F-11D3-BF4B-00C04F79EFBC}") = "Company.Core.ViewModels", "Company.Core.ViewModels\Company.Core.ViewModels.csproj", "{3A43C586-BB33-466F-94CA-3088CA8EAFD9}"
EndProject
Project("{FAE04EC0-301F-11D3-BF4B-00C04F79EFBC}") = "Company.UI.Views", "Company.UI.Views\Company.UI.Views.csproj", "{BF065CFF-E051-47AC-A799-6401AF13301B}"
EndProject
Project("{FAE04EC0-301F-11D3-BF4B-00C04F79EFBC}") = "Company.Core.App", "Company.Core.App\Company.Core.App.csproj", "{506EA7F0-687B-4F8C-968B-E58525D7C9EC}"
EndProject
Project("{9A19103F-16F7-4668-BE54-9A1E7A4F7556}") = "Company.App.Core", "Company.App.Core\Company.App.Core.csproj", "{A574261F-E4B1-41D8-8046-C76F92DC7A47}"
EndProject
Project("{9A19103F-16F7-4668-BE54-9A1E7A4F7556}") = "Company.App.DataSource", "Company.App.DataSource\Company.App.DataSource.csproj", "{7B72813B-8CA2-4892-AD59-C111C95234C9}"
EndProject
Project("{9A19103F-16F7-4668-BE54-9A1E7A4F7556}") = "Company.App.DataSourceDefinition", "Company.App.DataSourceDefinition\Company.App.DataSourceDefinition.csproj", "{8003692A-6B93-4CE0-ADA3-2AD9FD26FC9A}"
EndProject
Project("{9A19103F-16F7-4668-BE54-9A1E7A4F7556}") = "Company.Security.BusinessLogic", "Company.Security.BusinessLogic\Company.Security.BusinessLogic.csproj", "{2D61FA91-6E54-42B9-8B58-D3519588E0F5}"
EndProject
Project("{9A19103F-16F7-4668-BE54-9A1E7A4F7556}") = "Company.Basic.BusinessLogic", "Company.Basic.BusinessLogic\Company.Basic.BusinessLogic.csproj", "{E5FBEF54-91CF-4C9D-801F-DD3B40756449}"
EndProject
Project("{9A19103F-16F7-4668-BE54-9A1E7A4F7556}") = "Company.Security.UI", "Company.Security.UI\Company.Security.UI.csproj", "{D96D19CD-D5E5-436D-8E7C-0B95E559D6CA}"
EndProject
Project("{9A19103F-16F7-4668-BE54-9A1E7A4F7556}") = "Company.App.UI", "Company.App.UI\Company.App.UI.csproj", "{637B7D56-1CEF-4C6F-8E65-ABE021F4408C}"
EndProject
Project("{9A19103F-16F7-4668-BE54-9A1E7A4F7556}") = "Company.Basic.UI", "Company.Basic.UI\Company.Basic.UI.csproj", "{544F3A1E-DEC7-40AF-82D3-950B6CF5DA09}"
EndProject
Project("{9A19103F-16F7-4668-BE54-9A1E7A4F7556}") = "Company.Security.Presentation", "Company.Security.Presentation\Company.Security.Presentation.csproj", "{B430D3D5-CCB7-467C-AFE7-857F1D478896}"
EndProject
Project("{9A19103F-16F7-4668-BE54-9A1E7A4F7556}") = "Company.App.Presentation", "Company.App.Presentation\Company.App.Presentation.csproj", "{71C088FE-5677-403B-B27F-188E85C6131D}"
EndProject
Project("{9A19103F-16F7-4668-BE54-9A1E7A4F7556}") = "Company.Basic.Presentation", "Company.Basic.Presentation\Company.Basic.Presentation.csproj", "{AD6D2C96-51D2-44F7-8F5A-CA1DA6F0A58F}"
EndProject
Project("{9A19103F-16F7-4668-BE54-9A1E7A4F7556}") = "Company.App.Logic", "Company.App.Logic\Company.App.Logic.csproj", "{FCCE54C2-A5F3-413D-A0E3-713B1009D05C}"
EndProject
Project("{2150E333-8FDC-42A3-9474-1A3956D46DE8}") = "Old", "Old", "{92BA98FC-3BEE-411A-957E-A03F870677C3}"
EndProject
Project("{FAE04EC0-301F-11D3-BF4B-00C04F79EFBC}") = "Company.Project", "Company.Project\Company.Project.csproj", "{6382A464-483C-404E-B161-9CFD4CB9C80E}"
EndProject
Global
	GlobalSection(SolutionConfigurationPlatforms) = preSolution
		Debug|Any CPU = Debug|Any CPU
		Release|Any CPU = Release|Any CPU
	EndGlobalSection
	GlobalSection(ProjectConfigurationPlatforms) = postSolution
		{3A43C586-BB33-466F-94CA-3088CA8EAFD9}.Debug|Any CPU.ActiveCfg = Debug|Any CPU
		{3A43C586-BB33-466F-94CA-3088CA8EAFD9}.Debug|Any CPU.Build.0 = Debug|Any CPU
		{3A43C586-BB33-466F-94CA-3088CA8EAFD9}.Release|Any CPU.ActiveCfg = Release|Any CPU
		{3A43C586-BB33-466F-94CA-3088CA8EAFD9}.Release|Any CPU.Build.0 = Release|Any CPU
		{BF065CFF-E051-47AC-A799-6401AF13301B}.Debug|Any CPU.ActiveCfg = Debug|Any CPU
		{BF065CFF-E051-47AC-A799-6401AF13301B}.Debug|Any CPU.Build.0 = Debug|Any CPU
		{BF065CFF-E051-47AC-A799-6401AF13301B}.Release|Any CPU.ActiveCfg = Release|Any CPU
		{BF065CFF-E051-47AC-A799-6401AF13301B}.Release|Any CPU.Build.0 = Release|Any CPU
		{506EA7F0-687B-4F8C-968B-E58525D7C9EC}.Debug|Any CPU.ActiveCfg = Debug|Any CPU
		{506EA7F0-687B-4F8C-968B-E58525D7C9EC}.Debug|Any CPU.Build.0 = Debug|Any CPU
		{506EA7F0-687B-4F8C-968B-E58525D7C9EC}.Release|Any CPU.ActiveCfg = Release|Any CPU
		{506EA7F0-687B-4F8C-968B-E58525D7C9EC}.Release|Any CPU.Build.0 = Release|Any CPU
		{A574261F-E4B1-41D8-8046-C76F92DC7A47}.Debug|Any CPU.ActiveCfg = Debug|Any CPU
		{A574261F-E4B1-41D8-8046-C76F92DC7A47}.Debug|Any CPU.Build.0 = Debug|Any CPU
		{A574261F-E4B1-41D8-8046-C76F92DC7A47}.Release|Any CPU.ActiveCfg = Release|Any CPU
		{A574261F-E4B1-41D8-8046-C76F92DC7A47}.Release|Any CPU.Build.0 = Release|Any CPU
		{7B72813B-8CA2-4892-AD59-C111C95234C9}.Debug|Any CPU.ActiveCfg = Debug|Any CPU
		{7B72813B-8CA2-4892-AD59-C111C95234C9}.Debug|Any CPU.Build.0 = Debug|Any CPU
		{7B72813B-8CA2-4892-AD59-C111C95234C9}.Release|Any CPU.ActiveCfg = Release|Any CPU
		{7B72813B-8CA2-4892-AD59-C111C95234C9}.Release|Any CPU.Build.0 = Release|Any CPU
		{8003692A-6B93-4CE0-ADA3-2AD9FD26FC9A}.Debug|Any CPU.ActiveCfg = Debug|Any CPU
		{8003692A-6B93-4CE0-ADA3-2AD9FD26FC9A}.Debug|Any CPU.Build.0 = Debug|Any CPU
		{8003692A-6B93-4CE0-ADA3-2AD9FD26FC9A}.Release|Any CPU.ActiveCfg = Release|Any CPU
		{8003692A-6B93-4CE0-ADA3-2AD9FD26FC9A}.Release|Any CPU.Build.0 = Release|Any CPU
		{2D61FA91-6E54-42B9-8B58-D3519588E0F5}.Debug|Any CPU.ActiveCfg = Debug|Any CPU
		{2D61FA91-6E54-42B9-8B58-D3519588E0F5}.Debug|Any CPU.Build.0 = Debug|Any CPU
		{2D61FA91-6E54-42B9-8B58-D3519588E0F5}.Release|Any CPU.ActiveCfg = Release|Any CPU
		{2D61FA91-6E54-42B9-8B58-D3519588E0F5}.Release|Any CPU.Build.0 = Release|Any CPU
		{E5FBEF54-91CF-4C9D-801F-DD3B40756449}.Debug|Any CPU.ActiveCfg = Debug|Any CPU
		{E5FBEF54-91CF-4C9D-801F-DD3B40756449}.Debug|Any CPU.Build.0 = Debug|Any CPU
		{E5FBEF54-91CF-4C9D-801F-DD3B40756449}.Release|Any CPU.ActiveCfg = Release|Any CPU
		{E5FBEF54-91CF-4C9D-801F-DD3B40756449}.Release|Any CPU.Build.0 = Release|Any CPU
		{D96D19CD-D5E5-436D-8E7C-0B95E559D6CA}.Debug|Any CPU.ActiveCfg = Debug|Any CPU
		{D96D19CD-D5E5-436D-8E7C-0B95E559D6CA}.Debug|Any CPU.Build.0 = Debug|Any CPU
		{D96D19CD-D5E5-436D-8E7C-0B95E559D6CA}.Release|Any CPU.ActiveCfg = Release|Any CPU
		{D96D19CD-D5E5-436D-8E7C-0B95E559D6CA}.Release|Any CPU.Build.0 = Release|Any CPU
		{637B7D56-1CEF-4C6F-8E65-ABE021F4408C}.Debug|Any CPU.ActiveCfg = Debug|Any CPU
		{637B7D56-1CEF-4C6F-8E65-ABE021F4408C}.Debug|Any CPU.Build.0 = Debug|Any CPU
		{637B7D56-1CEF-4C6F-8E65-ABE021F4408C}.Release|Any CPU.ActiveCfg = Release|Any CPU
		{637B7D56-1CEF-4C6F-8E65-ABE021F4408C}.Release|Any CPU.Build.0 = Release|Any CPU
		{544F3A1E-DEC7-40AF-82D3-950B6CF5DA09}.Debug|Any CPU.ActiveCfg = Debug|Any CPU
		{544F3A1E-DEC7-40AF-82D3-950B6CF5DA09}.Debug|Any CPU.Build.0 = Debug|Any CPU
		{544F3A1E-DEC7-40AF-82D3-950B6CF5DA09}.Release|Any CPU.ActiveCfg = Release|Any CPU
		{544F3A1E-DEC7-40AF-82D3-950B6CF5DA09}.Release|Any CPU.Build.0 = Release|Any CPU
		{B430D3D5-CCB7-467C-AFE7-857F1D478896}.Debug|Any CPU.ActiveCfg = Debug|Any CPU
		{B430D3D5-CCB7-467C-AFE7-857F1D478896}.Debug|Any CPU.Build.0 = Debug|Any CPU
		{B430D3D5-CCB7-467C-AFE7-857F1D478896}.Release|Any CPU.ActiveCfg = Release|Any CPU
		{B430D3D5-CCB7-467C-AFE7-857F1D478896}.Release|Any CPU.Build.0 = Release|Any CPU
		{71C088FE-5677-403B-B27F-188E85C6131D}.Debug|Any CPU.ActiveCfg = Debug|Any CPU
		{71C088FE-5677-403B-B27F-188E85C6131D}.Debug|Any CPU.Build.0 = Debug|Any CPU
		{71C088FE-5677-403B-B27F-188E85C6131D}.Release|Any CPU.ActiveCfg = Release|Any CPU
		{71C088FE-5677-403B-B27F-188E85C6131D}.Release|Any CPU.Build.0 = Release|Any CPU
		{AD6D2C96-51D2-44F7-8F5A-CA1DA6F0A58F}.Debug|Any CPU.ActiveCfg = Debug|Any CPU
		{AD6D2C96-51D2-44F7-8F5A-CA1DA6F0A58F}.Debug|Any CPU.Build.0 = Debug|Any CPU
		{AD6D2C96-51D2-44F7-8F5A-CA1DA6F0A58F}.Release|Any CPU.ActiveCfg = Release|Any CPU
		{AD6D2C96-51D2-44F7-8F5A-CA1DA6F0A58F}.Release|Any CPU.Build.0 = Release|Any CPU
		{FCCE54C2-A5F3-413D-A0E3-713B1009D05C}.Debug|Any CPU.ActiveCfg = Debug|Any CPU
		{FCCE54C2-A5F3-413D-A0E3-713B1009D05C}.Debug|Any CPU.Build.0 = Debug|Any CPU
		{FCCE54C2-A5F3-413D-A0E3-713B1009D05C}.Release|Any CPU.ActiveCfg = Release|Any CPU
		{FCCE54C2-A5F3-413D-A0E3-713B1009D05C}.Release|Any CPU.Build.0 = Release|Any CPU
		{6382A464-483C-404E-B161-9CFD4CB9C80E}.Debug|Any CPU.ActiveCfg = Debug|Any CPU
		{6382A464-483C-404E-B161-9CFD4CB9C80E}.Debug|Any CPU.Build.0 = Debug|Any CPU
		{6382A464-483C-404E-B161-9CFD4CB9C80E}.Release|Any CPU.ActiveCfg = Release|Any CPU
		{6382A464-483C-404E-B161-9CFD4CB9C80E}.Release|Any CPU.Build.0 = Release|Any CPU
	EndGlobalSection
	GlobalSection(SolutionProperties) = preSolution
		HideSolutionNode = FALSE
	EndGlobalSection
	GlobalSection(NestedProjects) = preSolution
		{3A43C586-BB33-466F-94CA-3088CA8EAFD9} = {92BA98FC-3BEE-411A-957E-A03F870677C3}
		{BF065CFF-E051-47AC-A799-6401AF13301B} = {92BA98FC-3BEE-411A-957E-A03F870677C3}
		{506EA7F0-687B-4F8C-968B-E58525D7C9EC} = {92BA98FC-3BEE-411A-957E-A03F870677C3}
	EndGlobalSection
	GlobalSection(ExtensibilityGlobals) = postSolution
		SolutionGuid = {8ADE09B9-5111-40D7-9172-BDBD8FF40BDD}
	EndGlobalSection
EndGlobal
