
Microsoft Visual Studio Solution File, Format Version 12.00
# Visual Studio 15
VisualStudioVersion = 15.0.28010.2026
MinimumVisualStudioVersion = 10.0.40219.1
Project("{2150E333-8FDC-42A3-9474-1A3956D46DE8}") = "Tests", "Tests", "{D340A11B-69A0-4653-A2D4-0E56D6F047AA}"
EndProject
Project("{2150E333-8FDC-42A3-9474-1A3956D46DE8}") = "SolutionItems", "SolutionItems", "{CDBCD298-F934-4D47-806D-6B6C80A9346F}"
	ProjectSection(SolutionItems) = preProject
		.editorconfig = .editorconfig
		.gitattributes = .gitattributes
		.gitignore = .gitignore
		SolutionInfo.cs = SolutionInfo.cs
	EndProjectSection
EndProject
Project("{FAE04EC0-301F-11D3-BF4B-00C04F79EFBC}") = "Company.Core.ViewModels", "Company.Core.ViewModels\Company.Core.ViewModels.csproj", "{3A43C586-BB33-466F-94CA-3088CA8EAFD9}"
EndProject
Project("{FAE04EC0-301F-11D3-BF4B-00C04F79EFBC}") = "Company.UI.Styling", "Company.UI.Styling\Company.UI.Styling.csproj", "{B190FFA8-0B54-411E-A1C4-A3ECAFD1E146}"
EndProject
Project("{FAE04EC0-301F-11D3-BF4B-00C04F79EFBC}") = "Company.UI.Views", "Company.UI.Views\Company.UI.Views.csproj", "{BF065CFF-E051-47AC-A799-6401AF13301B}"
EndProject
Project("{FAE04EC0-301F-11D3-BF4B-00C04F79EFBC}") = "Company.UI.Controls", "Company.UI.Controls\Company.UI.Controls.csproj", "{208D7D4E-425F-4497-A8F5-51E17CC9AE24}"
EndProject
Project("{FAE04EC0-301F-11D3-BF4B-00C04F79EFBC}") = "Project", "Project\Project.csproj", "{37AC7560-EAC6-4CF5-A60D-A1C825958630}"
EndProject
Project("{FAE04EC0-301F-11D3-BF4B-00C04F79EFBC}") = "Company.Core.App", "Company.Core.App\Company.Core.App.csproj", "{506EA7F0-687B-4F8C-968B-E58525D7C9EC}"
EndProject
Global
	GlobalSection(SolutionConfigurationPlatforms) = preSolution
		Debug|Any CPU = Debug|Any CPU
		Release|Any CPU = Release|Any CPU
	EndGlobalSection
	GlobalSection(ProjectConfigurationPlatforms) = postSolution
		{3A43C586-BB33-466F-94CA-3088CA8EAFD9}.Debug|Any CPU.ActiveCfg = Debug|Any CPU
		{3A43C586-BB33-466F-94CA-3088CA8EAFD9}.Debug|Any CPU.Build.0 = Debug|Any CPU
		{3A43C586-BB33-466F-94CA-3088CA8EAFD9}.Release|Any CPU.ActiveCfg = Release|Any CPU
		{3A43C586-BB33-466F-94CA-3088CA8EAFD9}.Release|Any CPU.Build.0 = Release|Any CPU
		{B190FFA8-0B54-411E-A1C4-A3ECAFD1E146}.Debug|Any CPU.ActiveCfg = Debug|Any CPU
		{B190FFA8-0B54-411E-A1C4-A3ECAFD1E146}.Debug|Any CPU.Build.0 = Debug|Any CPU
		{B190FFA8-0B54-411E-A1C4-A3ECAFD1E146}.Release|Any CPU.ActiveCfg = Release|Any CPU
		{B190FFA8-0B54-411E-A1C4-A3ECAFD1E146}.Release|Any CPU.Build.0 = Release|Any CPU
		{BF065CFF-E051-47AC-A799-6401AF13301B}.Debug|Any CPU.ActiveCfg = Debug|Any CPU
		{BF065CFF-E051-47AC-A799-6401AF13301B}.Debug|Any CPU.Build.0 = Debug|Any CPU
		{BF065CFF-E051-47AC-A799-6401AF13301B}.Release|Any CPU.ActiveCfg = Release|Any CPU
		{BF065CFF-E051-47AC-A799-6401AF13301B}.Release|Any CPU.Build.0 = Release|Any CPU
		{208D7D4E-425F-4497-A8F5-51E17CC9AE24}.Debug|Any CPU.ActiveCfg = Debug|Any CPU
		{208D7D4E-425F-4497-A8F5-51E17CC9AE24}.Debug|Any CPU.Build.0 = Debug|Any CPU
		{208D7D4E-425F-4497-A8F5-51E17CC9AE24}.Release|Any CPU.ActiveCfg = Release|Any CPU
		{208D7D4E-425F-4497-A8F5-51E17CC9AE24}.Release|Any CPU.Build.0 = Release|Any CPU
		{37AC7560-EAC6-4CF5-A60D-A1C825958630}.Debug|Any CPU.ActiveCfg = Debug|Any CPU
		{37AC7560-EAC6-4CF5-A60D-A1C825958630}.Debug|Any CPU.Build.0 = Debug|Any CPU
		{37AC7560-EAC6-4CF5-A60D-A1C825958630}.Release|Any CPU.ActiveCfg = Release|Any CPU
		{37AC7560-EAC6-4CF5-A60D-A1C825958630}.Release|Any CPU.Build.0 = Release|Any CPU
		{506EA7F0-687B-4F8C-968B-E58525D7C9EC}.Debug|Any CPU.ActiveCfg = Debug|Any CPU
		{506EA7F0-687B-4F8C-968B-E58525D7C9EC}.Debug|Any CPU.Build.0 = Debug|Any CPU
		{506EA7F0-687B-4F8C-968B-E58525D7C9EC}.Release|Any CPU.ActiveCfg = Release|Any CPU
		{506EA7F0-687B-4F8C-968B-E58525D7C9EC}.Release|Any CPU.Build.0 = Release|Any CPU
	EndGlobalSection
	GlobalSection(SolutionProperties) = preSolution
		HideSolutionNode = FALSE
	EndGlobalSection
	GlobalSection(ExtensibilityGlobals) = postSolution
		SolutionGuid = {8ADE09B9-5111-40D7-9172-BDBD8FF40BDD}
	EndGlobalSection
EndGlobal
